
Microsoft Visual Studio Solution File, Format Version 12.00
# Visual Studio Version 17
VisualStudioVersion = 17.14.36327.8 d17.14
MinimumVisualStudioVersion = 10.0.40219.1
Project("{FAE04EC0-301F-11D3-BF4B-00C04F79EFBC}") = "Project1", "Project1.csproj", "{866A288E-8A5D-494A-9AA7-75DF3840196E}"
EndProject
Global
	GlobalSection(SolutionConfigurationPlatforms) = preSolution
		Debug|Any CPU = Debug|Any CPU
		Release|Any CPU = Release|Any CPU
	EndGlobalSection
	GlobalSection(ProjectConfigurationPlatforms) = postSolution
		{866A288E-8A5D-494A-9AA7-75DF3840196E}.Debug|Any CPU.ActiveCfg = Debug|Any CPU
		{866A288E-8A5D-494A-9AA7-75DF3840196E}.Debug|Any CPU.Build.0 = Debug|Any CPU
		{866A288E-8A5D-494A-9AA7-75DF3840196E}.Release|Any CPU.ActiveCfg = Release|Any CPU
		{866A288E-8A5D-494A-9AA7-75DF3840196E}.Release|Any CPU.Build.0 = Release|Any CPU
	EndGlobalSection
	GlobalSection(SolutionProperties) = preSolution
		HideSolutionNode = FALSE
	EndGlobalSection
	GlobalSection(ExtensibilityGlobals) = postSolution
		SolutionGuid = {18C51888-7988-469A-9982-BA6C7CC1A2A7}
	EndGlobalSection
EndGlobal
